// !$*UTF8*$!
{
	archiveVersion = 1;
	classes = {
	};
	objectVersion = 77;
	objects = {

/* Begin PBXBuildFile section */
		5018B8192F392F6400BF5954 /* OpenGL.framework in Frameworks */ = {isa = PBXBuildFile; fileRef = 5018B8182F392F6400BF5954 /* OpenGL.framework */; };
		505DCD242F312D1A00E187C2 /* libtag.a in Frameworks */ = {isa = PBXBuildFile; fileRef = 505DCD232F312D1A00E187C2 /* libtag.a */; };
		50C4AED72F39416F00057698 /* libprojectM-4.4.dylib in Frameworks */ = {isa = PBXBuildFile; fileRef = 50C4AED62F39416F00057698 /* libprojectM-4.4.dylib */; };
		50C4AED92F3941A900057698 /* libprojectM-4.4.dylib in CopyFiles */ = {isa = PBXBuildFile; fileRef = 50C4AED82F3941A900057698 /* libprojectM-4.4.dylib */; settings = {ATTRIBUTES = (CodeSignOnCopy, ); }; };
		50C4AEE12F39458600057698 /* libprojectM-4-playlist.4.dylib in Frameworks */ = {isa = PBXBuildFile; fileRef = 50C4AEE02F39458600057698 /* libprojectM-4-playlist.4.dylib */; };
		50C4AEE42F39459700057698 /* libprojectM-4-playlist.4.dylib in CopyFiles */ = {isa = PBXBuildFile; fileRef = 50C4AEE32F39459700057698 /* libprojectM-4-playlist.4.dylib */; settings = {ATTRIBUTES = (CodeSignOnCopy, ); }; };
		50EA90C12F47BD7F000C3707 /* libvamp-hostsdk.a in Frameworks */ = {isa = PBXBuildFile; fileRef = 50EA90BF2F47BD7F000C3707 /* libvamp-hostsdk.a */; };
		50EA90C22F47BD7F000C3707 /* libvamp-sdk.a in Frameworks */ = {isa = PBXBuildFile; fileRef = 50EA90C02F47BD7F000C3707 /* libvamp-sdk.a */; };
		FE766487CBED8972F7E8AC49 /* Pods_Illuminated.framework in Frameworks */ = {isa = PBXBuildFile; fileRef = EA27A721DDE729CA3599E615 /* Pods_Illuminated.framework */; };
/* End PBXBuildFile section */

/* Begin PBXCopyFilesBuildPhase section */
		50236D782F3938B500A5DC8A /* CopyFiles */ = {
			isa = PBXCopyFilesBuildPhase;
			buildActionMask = 2147483647;
			dstPath = "";
			dstSubfolderSpec = 10;
			files = (
				50C4AEE42F39459700057698 /* libprojectM-4-playlist.4.dylib in CopyFiles */,
				50C4AED92F3941A900057698 /* libprojectM-4.4.dylib in CopyFiles */,
			);
			runOnlyForDeploymentPostprocessing = 0;
		};
		50C30BB72F39378D000B2742 /* Embed Libraries */ = {
			isa = PBXCopyFilesBuildPhase;
			buildActionMask = 2147483647;
			dstPath = "";
			dstSubfolderSpec = 10;
			files = (
			);
			name = "Embed Libraries";
			runOnlyForDeploymentPostprocessing = 0;
		};
/* End PBXCopyFilesBuildPhase section */

/* Begin PBXFileReference section */
		3B75E445E8B4E912EC994532 /* Pods-Illuminated.debug.xcconfig */ = {isa = PBXFileReference; includeInIndex = 1; lastKnownFileType = text.xcconfig; name = "Pods-Illuminated.debug.xcconfig"; path = "Target Support Files/Pods-Illuminated/Pods-Illuminated.debug.xcconfig"; sourceTree = "<group>"; };
		5018B8182F392F6400BF5954 /* OpenGL.framework */ = {isa = PBXFileReference; lastKnownFileType = wrapper.framework; name = OpenGL.framework; path = System/Library/Frameworks/OpenGL.framework; sourceTree = SDKROOT; };
		505A7A2D2F1C4E6D00984897 /* Illuminated.app */ = {isa = PBXFileReference; explicitFileType = wrapper.application; includeInIndex = 0; path = Illuminated.app; sourceTree = BUILT_PRODUCTS_DIR; };
		505DCD232F312D1A00E187C2 /* libtag.a */ = {isa = PBXFileReference; lastKnownFileType = archive.ar; name = libtag.a; path = Frameworks/libtag.a; sourceTree = "<group>"; };
		50C4AED62F39416F00057698 /* libprojectM-4.4.dylib */ = {isa = PBXFileReference; lastKnownFileType = "compiled.mach-o.dylib"; name = "libprojectM-4.4.dylib"; path = "Frameworks/projectM/lib/libprojectM-4.4.dylib"; sourceTree = "<group>"; };
		50C4AED82F3941A900057698 /* libprojectM-4.4.dylib */ = {isa = PBXFileReference; lastKnownFileType = "compiled.mach-o.dylib"; name = "libprojectM-4.4.dylib"; path = "Frameworks/projectM/lib/libprojectM-4.4.dylib"; sourceTree = "<group>"; };
		50C4AEE02F39458600057698 /* libprojectM-4-playlist.4.dylib */ = {isa = PBXFileReference; lastKnownFileType = "compiled.mach-o.dylib"; name = "libprojectM-4-playlist.4.dylib"; path = "Frameworks/playlist/lib/libprojectM-4-playlist.4.dylib"; sourceTree = "<group>"; };
		50C4AEE32F39459700057698 /* libprojectM-4-playlist.4.dylib */ = {isa = PBXFileReference; lastKnownFileType = "compiled.mach-o.dylib"; name = "libprojectM-4-playlist.4.dylib"; path = "Frameworks/playlist/lib/libprojectM-4-playlist.4.dylib"; sourceTree = "<group>"; };
		50EA90BF2F47BD7F000C3707 /* libvamp-hostsdk.a */ = {isa = PBXFileReference; lastKnownFileType = archive.ar; name = "libvamp-hostsdk.a"; path = "Frameworks/vamp/lib/libvamp-hostsdk.a"; sourceTree = "<group>"; };
		50EA90C02F47BD7F000C3707 /* libvamp-sdk.a */ = {isa = PBXFileReference; lastKnownFileType = archive.ar; name = "libvamp-sdk.a"; path = "Frameworks/vamp/lib/libvamp-sdk.a"; sourceTree = "<group>"; };
		6135FC30830C18D7F728547F /* Pods-Illuminated.release.xcconfig */ = {isa = PBXFileReference; includeInIndex = 1; lastKnownFileType = text.xcconfig; name = "Pods-Illuminated.release.xcconfig"; path = "Target Support Files/Pods-Illuminated/Pods-Illuminated.release.xcconfig"; sourceTree = "<group>"; };
		EA27A721DDE729CA3599E615 /* Pods_Illuminated.framework */ = {isa = PBXFileReference; explicitFileType = wrapper.framework; includeInIndex = 0; path = Pods_Illuminated.framework; sourceTree = BUILT_PRODUCTS_DIR; };
/* End PBXFileReference section */

/* Begin PBXFileSystemSynchronizedBuildFileExceptionSet section */
		505DCD202F31166100E187C2 /* Exceptions for "Illuminated" folder in "Illuminated" target */ = {
			isa = PBXFileSystemSynchronizedBuildFileExceptionSet;
			membershipExceptions = (
				Info.plist,
			);
			target = 505A7A2C2F1C4E6D00984897 /* Illuminated */;
		};
/* End PBXFileSystemSynchronizedBuildFileExceptionSet section */

/* Begin PBXFileSystemSynchronizedRootGroup section */
		505A7A2F2F1C4E6D00984897 /* Illuminated */ = {
			isa = PBXFileSystemSynchronizedRootGroup;
			exceptions = (
				505DCD202F31166100E187C2 /* Exceptions for "Illuminated" folder in "Illuminated" target */,
			);
			path = Illuminated;
			sourceTree = "<group>";
		};
/* End PBXFileSystemSynchronizedRootGroup section */

/* Begin PBXFrameworksBuildPhase section */
		505A7A2A2F1C4E6D00984897 /* Frameworks */ = {
			isa = PBXFrameworksBuildPhase;
			buildActionMask = 2147483647;
			files = (
				5018B8192F392F6400BF5954 /* OpenGL.framework in Frameworks */,
				50EA90C12F47BD7F000C3707 /* libvamp-hostsdk.a in Frameworks */,
				50EA90C22F47BD7F000C3707 /* libvamp-sdk.a in Frameworks */,
				50C4AEE12F39458600057698 /* libprojectM-4-playlist.4.dylib in Frameworks */,
				50C4AED72F39416F00057698 /* libprojectM-4.4.dylib in Frameworks */,
				505DCD242F312D1A00E187C2 /* libtag.a in Frameworks */,
				FE766487CBED8972F7E8AC49 /* Pods_Illuminated.framework in Frameworks */,
			);
			runOnlyForDeploymentPostprocessing = 0;
		};
/* End PBXFrameworksBuildPhase section */

/* Begin PBXGroup section */
		408595E7F06EB794A7F23019 /* Pods */ = {
			isa = PBXGroup;
			children = (
				3B75E445E8B4E912EC994532 /* Pods-Illuminated.debug.xcconfig */,
				6135FC30830C18D7F728547F /* Pods-Illuminated.release.xcconfig */,
			);
			path = Pods;
			sourceTree = "<group>";
		};
		504098F42F25A01B001077D9 /* Frameworks */ = {
			isa = PBXGroup;
			children = (
				50C4AEE02F39458600057698 /* libprojectM-4-playlist.4.dylib */,
				50EA90BF2F47BD7F000C3707 /* libvamp-hostsdk.a */,
				50EA90C02F47BD7F000C3707 /* libvamp-sdk.a */,
				5018B8182F392F6400BF5954 /* OpenGL.framework */,
				505DCD232F312D1A00E187C2 /* libtag.a */,
				50C4AED62F39416F00057698 /* libprojectM-4.4.dylib */,
				EA27A721DDE729CA3599E615 /* Pods_Illuminated.framework */,
			);
			name = Frameworks;
			sourceTree = "<group>";
		};
		505A7A242F1C4E6D00984897 = {
			isa = PBXGroup;
			children = (
				50C4AEE32F39459700057698 /* libprojectM-4-playlist.4.dylib */,
				50C4AED82F3941A900057698 /* libprojectM-4.4.dylib */,
				505A7A2F2F1C4E6D00984897 /* Illuminated */,
				504098F42F25A01B001077D9 /* Frameworks */,
				505A7A2E2F1C4E6D00984897 /* Products */,
				408595E7F06EB794A7F23019 /* Pods */,
			);
			sourceTree = "<group>";
		};
		505A7A2E2F1C4E6D00984897 /* Products */ = {
			isa = PBXGroup;
			children = (
				505A7A2D2F1C4E6D00984897 /* Illuminated.app */,
			);
			name = Products;
			sourceTree = "<group>";
		};
/* End PBXGroup section */

/* Begin PBXNativeTarget section */
		505A7A2C2F1C4E6D00984897 /* Illuminated */ = {
			isa = PBXNativeTarget;
			buildConfigurationList = 505A7A402F1C4E6F00984897 /* Build configuration list for PBXNativeTarget "Illuminated" */;
			buildPhases = (
				E62CAB5411D18F21E98A7648 /* [CP] Check Pods Manifest.lock */,
				505A7A292F1C4E6D00984897 /* Sources */,
				505A7A2A2F1C4E6D00984897 /* Frameworks */,
				505A7A2B2F1C4E6D00984897 /* Resources */,
				50C30BB72F39378D000B2742 /* Embed Libraries */,
				50236D782F3938B500A5DC8A /* CopyFiles */,
				BFF33BBBD251A702CB39426C /* [CP] Embed Pods Frameworks */,
			);
			buildRules = (
			);
			dependencies = (
			);
			fileSystemSynchronizedGroups = (
				505A7A2F2F1C4E6D00984897 /* Illuminated */,
			);
			name = Illuminated;
			productName = Illuminated;
			productReference = 505A7A2D2F1C4E6D00984897 /* Illuminated.app */;
			productType = "com.apple.product-type.application";
		};
/* End PBXNativeTarget section */

/* Begin PBXProject section */
		505A7A252F1C4E6D00984897 /* Project object */ = {
			isa = PBXProject;
			attributes = {
				BuildIndependentTargetsInParallel = 1;
				LastUpgradeCheck = 1640;
				TargetAttributes = {
					505A7A2C2F1C4E6D00984897 = {
						CreatedOnToolsVersion = 16.4;
						LastSwiftMigration = 1640;
					};
				};
			};
			buildConfigurationList = 505A7A282F1C4E6D00984897 /* Build configuration list for PBXProject "Illuminated" */;
			developmentRegion = en;
			hasScannedForEncodings = 0;
			knownRegions = (
				en,
				Base,
			);
			mainGroup = 505A7A242F1C4E6D00984897;
			minimizedProjectReferenceProxies = 1;
			preferredProjectObjectVersion = 77;
			productRefGroup = 505A7A2E2F1C4E6D00984897 /* Products */;
			projectDirPath = "";
			projectRoot = "";
			targets = (
				505A7A2C2F1C4E6D00984897 /* Illuminated */,
			);
		};
/* End PBXProject section */

/* Begin PBXResourcesBuildPhase section */
		505A7A2B2F1C4E6D00984897 /* Resources */ = {
			isa = PBXResourcesBuildPhase;
			buildActionMask = 2147483647;
			files = (
			);
			runOnlyForDeploymentPostprocessing = 0;
		};
/* End PBXResourcesBuildPhase section */

/* Begin PBXShellScriptBuildPhase section */
		BFF33BBBD251A702CB39426C /* [CP] Embed Pods Frameworks */ = {
			isa = PBXShellScriptBuildPhase;
			buildActionMask = 2147483647;
			files = (
			);
			inputFileListPaths = (
				"${PODS_ROOT}/Target Support Files/Pods-Illuminated/Pods-Illuminated-frameworks-${CONFIGURATION}-input-files.xcfilelist",
			);
			inputPaths = (
			);
			name = "[CP] Embed Pods Frameworks";
			outputFileListPaths = (
				"${PODS_ROOT}/Target Support Files/Pods-Illuminated/Pods-Illuminated-frameworks-${CONFIGURATION}-output-files.xcfilelist",
			);
			outputPaths = (
			);
			runOnlyForDeploymentPostprocessing = 0;
			shellPath = /bin/sh;
			shellScript = "\"${PODS_ROOT}/Target Support Files/Pods-Illuminated/Pods-Illuminated-frameworks.sh\"\n";
			showEnvVarsInLog = 0;
		};
		E62CAB5411D18F21E98A7648 /* [CP] Check Pods Manifest.lock */ = {
			isa = PBXShellScriptBuildPhase;
			buildActionMask = 2147483647;
			files = (
			);
			inputFileListPaths = (
			);
			inputPaths = (
				"${PODS_PODFILE_DIR_PATH}/Podfile.lock",
				"${PODS_ROOT}/Manifest.lock",
			);
			name = "[CP] Check Pods Manifest.lock";
			outputFileListPaths = (
			);
			outputPaths = (
				"$(DERIVED_FILE_DIR)/Pods-Illuminated-checkManifestLockResult.txt",
			);
			runOnlyForDeploymentPostprocessing = 0;
			shellPath = /bin/sh;
			shellScript = "diff \"${PODS_PODFILE_DIR_PATH}/Podfile.lock\" \"${PODS_ROOT}/Manifest.lock\" > /dev/null\nif [ $? != 0 ] ; then\n    # print error to STDERR\n    echo \"error: The sandbox is not in sync with the Podfile.lock. Run 'pod install' or update your CocoaPods installation.\" >&2\n    exit 1\nfi\n# This output is used by Xcode 'outputs' to avoid re-running this script phase.\necho \"SUCCESS\" > \"${SCRIPT_OUTPUT_FILE_0}\"\n";
			showEnvVarsInLog = 0;
		};
/* End PBXShellScriptBuildPhase section */

/* Begin PBXSourcesBuildPhase section */
		505A7A292F1C4E6D00984897 /* Sources */ = {
			isa = PBXSourcesBuildPhase;
			buildActionMask = 2147483647;
			files = (
			);
			runOnlyForDeploymentPostprocessing = 0;
		};
/* End PBXSourcesBuildPhase section */

/* Begin XCBuildConfiguration section */
		505A7A3E2F1C4E6F00984897 /* Debug */ = {
			isa = XCBuildConfiguration;
			buildSettings = {
				ALWAYS_SEARCH_USER_PATHS = NO;
				ARCHS = arm64;
				ASSETCATALOG_COMPILER_GENERATE_SWIFT_ASSET_SYMBOL_EXTENSIONS = YES;
				CLANG_ANALYZER_NONNULL = YES;
				CLANG_ANALYZER_NUMBER_OBJECT_CONVERSION = YES_AGGRESSIVE;
				CLANG_CXX_LANGUAGE_STANDARD = "gnu++20";
				CLANG_ENABLE_MODULES = YES;
				CLANG_ENABLE_OBJC_ARC = YES;
				CLANG_ENABLE_OBJC_WEAK = YES;
				CLANG_WARN_BLOCK_CAPTURE_AUTORELEASING = YES;
				CLANG_WARN_BOOL_CONVERSION = YES;
				CLANG_WARN_COMMA = YES;
				CLANG_WARN_CONSTANT_CONVERSION = YES;
				CLANG_WARN_DEPRECATED_OBJC_IMPLEMENTATIONS = YES;
				CLANG_WARN_DIRECT_OBJC_ISA_USAGE = YES_ERROR;
				CLANG_WARN_DOCUMENTATION_COMMENTS = YES;
				CLANG_WARN_EMPTY_BODY = YES;
				CLANG_WARN_ENUM_CONVERSION = YES;
				CLANG_WARN_INFINITE_RECURSION = YES;
				CLANG_WARN_INT_CONVERSION = YES;
				CLANG_WARN_NON_LITERAL_NULL_CONVERSION = YES;
				CLANG_WARN_OBJC_IMPLICIT_RETAIN_SELF = YES;
				CLANG_WARN_OBJC_LITERAL_CONVERSION = YES;
				CLANG_WARN_OBJC_ROOT_CLASS = YES_ERROR;
				CLANG_WARN_QUOTED_INCLUDE_IN_FRAMEWORK_HEADER = YES;
				CLANG_WARN_RANGE_LOOP_ANALYSIS = YES;
				CLANG_WARN_STRICT_PROTOTYPES = NO;
				CLANG_WARN_SUSPICIOUS_MOVE = YES;
				CLANG_WARN_UNGUARDED_AVAILABILITY = YES_AGGRESSIVE;
				CLANG_WARN_UNREACHABLE_CODE = YES;
				CLANG_WARN__DUPLICATE_METHOD_MATCH = YES;
				COPY_PHASE_STRIP = NO;
				DEBUG_INFORMATION_FORMAT = dwarf;
				DEVELOPMENT_TEAM = 6W68M7KUG5;
				ENABLE_STRICT_OBJC_MSGSEND = YES;
				ENABLE_TESTABILITY = YES;
				ENABLE_USER_SCRIPT_SANDBOXING = YES;
				GCC_C_LANGUAGE_STANDARD = gnu17;
				GCC_DYNAMIC_NO_PIC = NO;
				GCC_NO_COMMON_BLOCKS = YES;
				GCC_OPTIMIZATION_LEVEL = 0;
				GCC_PREPROCESSOR_DEFINITIONS = (
					"DEBUG=1",
					"$(inherited)",
				);
				GCC_WARN_64_TO_32_BIT_CONVERSION = YES;
				GCC_WARN_ABOUT_RETURN_TYPE = YES_ERROR;
				GCC_WARN_UNDECLARED_SELECTOR = YES;
				GCC_WARN_UNINITIALIZED_AUTOS = YES_AGGRESSIVE;
				GCC_WARN_UNUSED_FUNCTION = YES;
				GCC_WARN_UNUSED_VARIABLE = NO;
				LOCALIZATION_PREFERS_STRING_CATALOGS = YES;
				MACOSX_DEPLOYMENT_TARGET = 14.6;
				MTL_ENABLE_DEBUG_INFO = INCLUDE_SOURCE;
				MTL_FAST_MATH = YES;
				ONLY_ACTIVE_ARCH = YES;
				OTHER_LDFLAGS = (
					"-ObjC",
					"-lc++",
				);
				SDKROOT = macosx;
				WARNING_CFLAGS = "";
			};
			name = Debug;
		};
		505A7A3F2F1C4E6F00984897 /* Release */ = {
			isa = XCBuildConfiguration;
			buildSettings = {
				ALWAYS_SEARCH_USER_PATHS = NO;
				ARCHS = arm64;
				ASSETCATALOG_COMPILER_GENERATE_SWIFT_ASSET_SYMBOL_EXTENSIONS = YES;
				CLANG_ANALYZER_NONNULL = YES;
				CLANG_ANALYZER_NUMBER_OBJECT_CONVERSION = YES_AGGRESSIVE;
				CLANG_CXX_LANGUAGE_STANDARD = "gnu++20";
				CLANG_ENABLE_MODULES = YES;
				CLANG_ENABLE_OBJC_ARC = YES;
				CLANG_ENABLE_OBJC_WEAK = YES;
				CLANG_WARN_BLOCK_CAPTURE_AUTORELEASING = YES;
				CLANG_WARN_BOOL_CONVERSION = YES;
				CLANG_WARN_COMMA = YES;
				CLANG_WARN_CONSTANT_CONVERSION = YES;
				CLANG_WARN_DEPRECATED_OBJC_IMPLEMENTATIONS = YES;
				CLANG_WARN_DIRECT_OBJC_ISA_USAGE = YES_ERROR;
				CLANG_WARN_DOCUMENTATION_COMMENTS = YES;
				CLANG_WARN_EMPTY_BODY = YES;
				CLANG_WARN_ENUM_CONVERSION = YES;
				CLANG_WARN_INFINITE_RECURSION = YES;
				CLANG_WARN_INT_CONVERSION = YES;
				CLANG_WARN_NON_LITERAL_NULL_CONVERSION = YES;
				CLANG_WARN_OBJC_IMPLICIT_RETAIN_SELF = YES;
				CLANG_WARN_OBJC_LITERAL_CONVERSION = YES;
				CLANG_WARN_OBJC_ROOT_CLASS = YES_ERROR;
				CLANG_WARN_QUOTED_INCLUDE_IN_FRAMEWORK_HEADER = YES;
				CLANG_WARN_RANGE_LOOP_ANALYSIS = YES;
				CLANG_WARN_STRICT_PROTOTYPES = NO;
				CLANG_WARN_SUSPICIOUS_MOVE = YES;
				CLANG_WARN_UNGUARDED_AVAILABILITY = YES_AGGRESSIVE;
				CLANG_WARN_UNREACHABLE_CODE = YES;
				CLANG_WARN__DUPLICATE_METHOD_MATCH = YES;
				COPY_PHASE_STRIP = NO;
				DEBUG_INFORMATION_FORMAT = "dwarf-with-dsym";
				DEVELOPMENT_TEAM = 6W68M7KUG5;
				ENABLE_NS_ASSERTIONS = NO;
				ENABLE_STRICT_OBJC_MSGSEND = YES;
				ENABLE_USER_SCRIPT_SANDBOXING = YES;
				GCC_C_LANGUAGE_STANDARD = gnu17;
				GCC_NO_COMMON_BLOCKS = YES;
				GCC_WARN_64_TO_32_BIT_CONVERSION = YES;
				GCC_WARN_ABOUT_RETURN_TYPE = YES_ERROR;
				GCC_WARN_UNDECLARED_SELECTOR = YES;
				GCC_WARN_UNINITIALIZED_AUTOS = YES_AGGRESSIVE;
				GCC_WARN_UNUSED_FUNCTION = YES;
				GCC_WARN_UNUSED_VARIABLE = NO;
				LOCALIZATION_PREFERS_STRING_CATALOGS = YES;
				MACOSX_DEPLOYMENT_TARGET = 14.6;
				MTL_ENABLE_DEBUG_INFO = NO;
				MTL_FAST_MATH = YES;
				OTHER_LDFLAGS = (
					"-ObjC",
					"-lc++",
				);
				SDKROOT = macosx;
				WARNING_CFLAGS = "";
			};
			name = Release;
		};
		505A7A412F1C4E6F00984897 /* Debug */ = {
			isa = XCBuildConfiguration;
			baseConfigurationReference = 3B75E445E8B4E912EC994532 /* Pods-Illuminated.debug.xcconfig */;
			buildSettings = {
				ALWAYS_EMBED_SWIFT_STANDARD_LIBRARIES = "$(inherited)";
				ASSETCATALOG_COMPILER_APPICON_NAME = AppIcon;
				ASSETCATALOG_COMPILER_GLOBAL_ACCENT_COLOR_NAME = AccentColor;
				CLANG_ENABLE_MODULES = YES;
				CODE_SIGN_ENTITLEMENTS = Illuminated/Illuminated.entitlements;
				CODE_SIGN_STYLE = Automatic;
				COMBINE_HIDPI_IMAGES = YES;
				CURRENT_PROJECT_VERSION = 1;
				DEVELOPMENT_TEAM = 6W68M7KUG5;
				ENABLE_HARDENED_RUNTIME = YES;
				ENABLE_USER_SCRIPT_SANDBOXING = NO;
				GCC_TREAT_WARNINGS_AS_ERRORS = YES;
				GCC_WARN_ABOUT_MISSING_FIELD_INITIALIZERS = YES;
				GCC_WARN_ABOUT_MISSING_PROTOTYPES = YES;
				GCC_WARN_INITIALIZER_NOT_FULLY_BRACKETED = YES;
				GCC_WARN_UNUSED_PARAMETER = NO;
				GCC_WARN_UNUSED_VALUE = NO;
				GCC_WARN_UNUSED_VARIABLE = NO;
				GENERATE_INFOPLIST_FILE = YES;
				HEADER_SEARCH_PATHS = (
					/opt/homebrew/include/taglib,
					"$(SRCROOT)/Frameworks/projectM/include",
					"$(inherited)",
					"$(SRCROOT)/Frameworks/playlist/include",
					"$(SRCROOT)/Frameworks/vamp/include",
				);
				INFOPLIST_FILE = Illuminated/Info.plist;
				INFOPLIST_KEY_NSHumanReadableCopyright = "";
				INFOPLIST_KEY_NSMainNibFile = MainMenu;
				INFOPLIST_KEY_NSPrincipalClass = NSApplication;
				LD_RUNPATH_SEARCH_PATHS = (
					"$(inherited)",
					"@executable_path/../Frameworks",
					/opt/homebrew/lib,
				);
				LIBRARY_SEARCH_PATHS = (
					/opt/homebrew/include/taglib,
					/opt/homebrew/Cellar/taglib/2.1.1/lib,
					"$(PROJECT_DIR)",
					"$(PROJECT_DIR)/Frameworks",
					"$(PROJECT_DIR)/Frameworks/projectM/lib",
					"$(PROJECT_DIR)/Frameworks/projectM/include",
					"$(PROJECT_DIR)/Frameworks/playlist/lib",
					"$(PROJECT_DIR)/Frameworks/vamp-sdk/lib",
					"$(PROJECT_DIR)/Frameworks/vamp-hostsdk/lib",
					"$(PROJECT_DIR)/Frameworks/vamp/lib",
				);
				MACOSX_DEPLOYMENT_TARGET = 13.5;
				MARKETING_VERSION = 1.0.3;
				PRODUCT_BUNDLE_IDENTIFIER = com.genvera.Illuminated;
				PRODUCT_NAME = "$(TARGET_NAME)";
				REGISTER_APP_GROUPS = YES;
				SWIFT_EMIT_LOC_STRINGS = YES;
				SWIFT_OPTIMIZATION_LEVEL = "-Onone";
				SWIFT_VERSION = 6.0;
				WARNING_CFLAGS = (
					"-DGL_SILENCE_DEPRECATION",
					"-Wno-deprecated-non-prototype",
				);
			};
			name = Debug;
		};
		505A7A422F1C4E6F00984897 /* Release */ = {
			isa = XCBuildConfiguration;
			baseConfigurationReference = 6135FC30830C18D7F728547F /* Pods-Illuminated.release.xcconfig */;
			buildSettings = {
				ALWAYS_EMBED_SWIFT_STANDARD_LIBRARIES = "$(inherited)";
				ASSETCATALOG_COMPILER_APPICON_NAME = AppIcon;
				ASSETCATALOG_COMPILER_GLOBAL_ACCENT_COLOR_NAME = AccentColor;
				CLANG_ENABLE_MODULES = YES;
				CODE_SIGN_ENTITLEMENTS = Illuminated/Illuminated.entitlements;
				CODE_SIGN_STYLE = Automatic;
				COMBINE_HIDPI_IMAGES = YES;
				CURRENT_PROJECT_VERSION = 1;
				DEVELOPMENT_TEAM = 6W68M7KUG5;
				ENABLE_HARDENED_RUNTIME = YES;
				ENABLE_USER_SCRIPT_SANDBOXING = NO;
				GCC_TREAT_WARNINGS_AS_ERRORS = YES;
				GCC_WARN_ABOUT_MISSING_FIELD_INITIALIZERS = YES;
				GCC_WARN_ABOUT_MISSING_PROTOTYPES = YES;
				GCC_WARN_INITIALIZER_NOT_FULLY_BRACKETED = YES;
				GCC_WARN_UNUSED_PARAMETER = NO;
				GCC_WARN_UNUSED_VALUE = NO;
				GCC_WARN_UNUSED_VARIABLE = NO;
				GENERATE_INFOPLIST_FILE = YES;
				HEADER_SEARCH_PATHS = (
					/opt/homebrew/include/taglib,
					"$(SRCROOT)/Frameworks/projectM/include",
					"$(inherited)",
					"$(SRCROOT)/Frameworks/playlist/include",
					"$(SRCROOT)/Frameworks/vamp/include",
				);
				INFOPLIST_FILE = Illuminated/Info.plist;
				INFOPLIST_KEY_NSHumanReadableCopyright = "";
				INFOPLIST_KEY_NSMainNibFile = MainMenu;
				INFOPLIST_KEY_NSPrincipalClass = NSApplication;
				LD_RUNPATH_SEARCH_PATHS = (
					"$(inherited)",
					"@executable_path/../Frameworks",
					/opt/homebrew/lib,
				);
				LIBRARY_SEARCH_PATHS = (
					/opt/homebrew/include/taglib,
					/opt/homebrew/Cellar/taglib/2.1.1/lib,
					"$(PROJECT_DIR)",
					"$(PROJECT_DIR)/Frameworks",
					"$(PROJECT_DIR)/Frameworks/projectM/lib",
					"$(PROJECT_DIR)/Frameworks/projectM/include",
					"$(PROJECT_DIR)/Frameworks/playlist/lib",
					"$(PROJECT_DIR)/Frameworks/vamp-sdk/lib",
					"$(PROJECT_DIR)/Frameworks/vamp-hostsdk/lib",
					"$(PROJECT_DIR)/Frameworks/vamp/lib",
				);
				MACOSX_DEPLOYMENT_TARGET = 13.5;
				MARKETING_VERSION = 1.0.3;
				PRODUCT_BUNDLE_IDENTIFIER = com.genvera.Illuminated;
				PRODUCT_NAME = "$(TARGET_NAME)";
				REGISTER_APP_GROUPS = YES;
				SWIFT_EMIT_LOC_STRINGS = YES;
				SWIFT_VERSION = 6.0;
				WARNING_CFLAGS = (
					"-DGL_SILENCE_DEPRECATION",
					"-Wno-deprecated-non-prototype",
				);
			};
			name = Release;
		};
/* End XCBuildConfiguration section */

/* Begin XCConfigurationList section */
		505A7A282F1C4E6D00984897 /* Build configuration list for PBXProject "Illuminated" */ = {
			isa = XCConfigurationList;
			buildConfigurations = (
				505A7A3E2F1C4E6F00984897 /* Debug */,
				505A7A3F2F1C4E6F00984897 /* Release */,
			);
			defaultConfigurationIsVisible = 0;
			defaultConfigurationName = Release;
		};
		505A7A402F1C4E6F00984897 /* Build configuration list for PBXNativeTarget "Illuminated" */ = {
			isa = XCConfigurationList;
			buildConfigurations = (
				505A7A412F1C4E6F00984897 /* Debug */,
				505A7A422F1C4E6F00984897 /* Release */,
			);
			defaultConfigurationIsVisible = 0;
			defaultConfigurationName = Release;
		};
/* End XCConfigurationList section */
	};
	rootObject = 505A7A252F1C4E6D00984897 /* Project object */;
}
